// !$*UTF8*$!
{
	archiveVersion = 1;
	classes = {
	};
	objectVersion = 50;
	objects = {

/* Begin PBXBuildFile section */
		0A05577424DFB7360020EAC7 /* Home.storyboard in Resources */ = {isa = PBXBuildFile; fileRef = 0A05577324DFB7360020EAC7 /* Home.storyboard */; };
		0A05577624DFCE2E0020EAC7 /* TabViewController.swift in Sources */ = {isa = PBXBuildFile; fileRef = 0A05577524DFCE2E0020EAC7 /* TabViewController.swift */; };
		0A3BA7C724E2451200ED0971 /* AppBaseViewController.swift in Sources */ = {isa = PBXBuildFile; fileRef = 0A3BA7C624E2451200ED0971 /* AppBaseViewController.swift */; };
		0A3BA7C924E245F500ED0971 /* HomeViewController.swift in Sources */ = {isa = PBXBuildFile; fileRef = 0A3BA7C824E245F500ED0971 /* HomeViewController.swift */; };
		0A3BA7CB24E24C2D00ED0971 /* CreateUserViewController.swift in Sources */ = {isa = PBXBuildFile; fileRef = 0A3BA7CA24E24C2D00ED0971 /* CreateUserViewController.swift */; };
		0A3BA7CD24E24C3700ED0971 /* ChangePasswordViewController.swift in Sources */ = {isa = PBXBuildFile; fileRef = 0A3BA7CC24E24C3700ED0971 /* ChangePasswordViewController.swift */; };
		0A3BA7CF24E24C4300ED0971 /* HistoryViewController.swift in Sources */ = {isa = PBXBuildFile; fileRef = 0A3BA7CE24E24C4300ED0971 /* HistoryViewController.swift */; };
		0A3BA7D124E24C4E00ED0971 /* SettingsViewController.swift in Sources */ = {isa = PBXBuildFile; fileRef = 0A3BA7D024E24C4E00ED0971 /* SettingsViewController.swift */; };
		0A3BA7D624E25D7E00ED0971 /* HistoryCell.swift in Sources */ = {isa = PBXBuildFile; fileRef = 0A3BA7D524E25D7E00ED0971 /* HistoryCell.swift */; };
		0A49CB5D24DEE8AE008BD762 /* AppDelegate.swift in Sources */ = {isa = PBXBuildFile; fileRef = 0A49CB5C24DEE8AE008BD762 /* AppDelegate.swift */; };
		0A49CB5F24DEE8AE008BD762 /* SceneDelegate.swift in Sources */ = {isa = PBXBuildFile; fileRef = 0A49CB5E24DEE8AE008BD762 /* SceneDelegate.swift */; };
		0A49CB6124DEE8AE008BD762 /* LoginViewController.swift in Sources */ = {isa = PBXBuildFile; fileRef = 0A49CB6024DEE8AE008BD762 /* LoginViewController.swift */; };
		0A49CB6424DEE8AE008BD762 /* Main.storyboard in Resources */ = {isa = PBXBuildFile; fileRef = 0A49CB6224DEE8AE008BD762 /* Main.storyboard */; };
		0A49CB6624DEE8B2008BD762 /* Assets.xcassets in Resources */ = {isa = PBXBuildFile; fileRef = 0A49CB6524DEE8B2008BD762 /* Assets.xcassets */; };
		0A49CB6924DEE8B2008BD762 /* LaunchScreen.storyboard in Resources */ = {isa = PBXBuildFile; fileRef = 0A49CB6724DEE8B2008BD762 /* LaunchScreen.storyboard */; };
		0A71274F24E2627F008B2E70 /* User.swift in Sources */ = {isa = PBXBuildFile; fileRef = 0A71274E24E2627F008B2E70 /* User.swift */; };
		0A71275224E26B47008B2E70 /* ValidateUtil.swift in Sources */ = {isa = PBXBuildFile; fileRef = 0A71275124E26B47008B2E70 /* ValidateUtil.swift */; };
		0A71275424E272E9008B2E70 /* ConstantUtil.swift in Sources */ = {isa = PBXBuildFile; fileRef = 0A71275324E272E9008B2E70 /* ConstantUtil.swift */; };
		0A864F3224E3BBA6000A79BB /* AppointmentCell.swift in Sources */ = {isa = PBXBuildFile; fileRef = 0A864F3124E3BBA6000A79BB /* AppointmentCell.swift */; };
		0A864F3424E3C7EB000A79BB /* MaintenanceViewController.swift in Sources */ = {isa = PBXBuildFile; fileRef = 0A864F3324E3C7EB000A79BB /* MaintenanceViewController.swift */; };
		0A864F3624E3CA56000A79BB /* Appointment.swift in Sources */ = {isa = PBXBuildFile; fileRef = 0A864F3524E3CA56000A79BB /* Appointment.swift */; };
		0AE5D01724E3A23F0008D328 /* ImageUtil.swift in Sources */ = {isa = PBXBuildFile; fileRef = 0AE5D01624E3A23F0008D328 /* ImageUtil.swift */; };
		0AE5D01924E3AE780008D328 /* Appointment.storyboard in Resources */ = {isa = PBXBuildFile; fileRef = 0AE5D01824E3AE780008D328 /* Appointment.storyboard */; };
		0AE5D01E24E3AFEA0008D328 /* AppointmentViewController.swift in Sources */ = {isa = PBXBuildFile; fileRef = 0AE5D01D24E3AFEA0008D328 /* AppointmentViewController.swift */; };
/* End PBXBuildFile section */

/* Begin PBXFileReference section */
		0A05577324DFB7360020EAC7 /* Home.storyboard */ = {isa = PBXFileReference; lastKnownFileType = file.storyboard; path = Home.storyboard; sourceTree = "<group>"; };
		0A05577524DFCE2E0020EAC7 /* TabViewController.swift */ = {isa = PBXFileReference; lastKnownFileType = sourcecode.swift; path = TabViewController.swift; sourceTree = "<group>"; };
		0A3BA7C624E2451200ED0971 /* AppBaseViewController.swift */ = {isa = PBXFileReference; lastKnownFileType = sourcecode.swift; path = AppBaseViewController.swift; sourceTree = "<group>"; };
		0A3BA7C824E245F500ED0971 /* HomeViewController.swift */ = {isa = PBXFileReference; lastKnownFileType = sourcecode.swift; path = HomeViewController.swift; sourceTree = "<group>"; };
		0A3BA7CA24E24C2D00ED0971 /* CreateUserViewController.swift */ = {isa = PBXFileReference; lastKnownFileType = sourcecode.swift; path = CreateUserViewController.swift; sourceTree = "<group>"; };
		0A3BA7CC24E24C3700ED0971 /* ChangePasswordViewController.swift */ = {isa = PBXFileReference; lastKnownFileType = sourcecode.swift; path = ChangePasswordViewController.swift; sourceTree = "<group>"; };
		0A3BA7CE24E24C4300ED0971 /* HistoryViewController.swift */ = {isa = PBXFileReference; lastKnownFileType = sourcecode.swift; path = HistoryViewController.swift; sourceTree = "<group>"; };
		0A3BA7D024E24C4E00ED0971 /* SettingsViewController.swift */ = {isa = PBXFileReference; lastKnownFileType = sourcecode.swift; path = SettingsViewController.swift; sourceTree = "<group>"; };
		0A3BA7D524E25D7E00ED0971 /* HistoryCell.swift */ = {isa = PBXFileReference; lastKnownFileType = sourcecode.swift; path = HistoryCell.swift; sourceTree = "<group>"; };
		0A49CB5924DEE8AE008BD762 /* One Smile.app */ = {isa = PBXFileReference; explicitFileType = wrapper.application; includeInIndex = 0; path = "One Smile.app"; sourceTree = BUILT_PRODUCTS_DIR; };
		0A49CB5C24DEE8AE008BD762 /* AppDelegate.swift */ = {isa = PBXFileReference; lastKnownFileType = sourcecode.swift; path = AppDelegate.swift; sourceTree = "<group>"; };
		0A49CB5E24DEE8AE008BD762 /* SceneDelegate.swift */ = {isa = PBXFileReference; lastKnownFileType = sourcecode.swift; path = SceneDelegate.swift; sourceTree = "<group>"; };
		0A49CB6024DEE8AE008BD762 /* LoginViewController.swift */ = {isa = PBXFileReference; lastKnownFileType = sourcecode.swift; path = LoginViewController.swift; sourceTree = "<group>"; };
		0A49CB6324DEE8AE008BD762 /* Base */ = {isa = PBXFileReference; lastKnownFileType = file.storyboard; name = Base; path = Base.lproj/Main.storyboard; sourceTree = "<group>"; };
		0A49CB6524DEE8B2008BD762 /* Assets.xcassets */ = {isa = PBXFileReference; lastKnownFileType = folder.assetcatalog; path = Assets.xcassets; sourceTree = "<group>"; };
		0A49CB6824DEE8B2008BD762 /* Base */ = {isa = PBXFileReference; lastKnownFileType = file.storyboard; name = Base; path = Base.lproj/LaunchScreen.storyboard; sourceTree = "<group>"; };
		0A49CB6A24DEE8B2008BD762 /* Info.plist */ = {isa = PBXFileReference; lastKnownFileType = text.plist.xml; path = Info.plist; sourceTree = "<group>"; };
		0A71274E24E2627F008B2E70 /* User.swift */ = {isa = PBXFileReference; lastKnownFileType = sourcecode.swift; path = User.swift; sourceTree = "<group>"; };
		0A71275124E26B47008B2E70 /* ValidateUtil.swift */ = {isa = PBXFileReference; lastKnownFileType = sourcecode.swift; path = ValidateUtil.swift; sourceTree = "<group>"; };
		0A71275324E272E9008B2E70 /* ConstantUtil.swift */ = {isa = PBXFileReference; lastKnownFileType = sourcecode.swift; path = ConstantUtil.swift; sourceTree = "<group>"; };
		0A864F3124E3BBA6000A79BB /* AppointmentCell.swift */ = {isa = PBXFileReference; lastKnownFileType = sourcecode.swift; path = AppointmentCell.swift; sourceTree = "<group>"; };
		0A864F3324E3C7EB000A79BB /* MaintenanceViewController.swift */ = {isa = PBXFileReference; lastKnownFileType = sourcecode.swift; path = MaintenanceViewController.swift; sourceTree = "<group>"; };
		0A864F3524E3CA56000A79BB /* Appointment.swift */ = {isa = PBXFileReference; lastKnownFileType = sourcecode.swift; path = Appointment.swift; sourceTree = "<group>"; };
		0AE5D01624E3A23F0008D328 /* ImageUtil.swift */ = {isa = PBXFileReference; lastKnownFileType = sourcecode.swift; path = ImageUtil.swift; sourceTree = "<group>"; };
		0AE5D01824E3AE780008D328 /* Appointment.storyboard */ = {isa = PBXFileReference; lastKnownFileType = file.storyboard; path = Appointment.storyboard; sourceTree = "<group>"; };
		0AE5D01D24E3AFEA0008D328 /* AppointmentViewController.swift */ = {isa = PBXFileReference; lastKnownFileType = sourcecode.swift; path = AppointmentViewController.swift; sourceTree = "<group>"; };
/* End PBXFileReference section */

/* Begin PBXFrameworksBuildPhase section */
		0A49CB5624DEE8AE008BD762 /* Frameworks */ = {
			isa = PBXFrameworksBuildPhase;
			buildActionMask = 2147483647;
			files = (
			);
			runOnlyForDeploymentPostprocessing = 0;
		};
/* End PBXFrameworksBuildPhase section */

/* Begin PBXGroup section */
		0A05576F24DF99DD0020EAC7 /* View */ = {
			isa = PBXGroup;
			children = (
				0A49CB6224DEE8AE008BD762 /* Main.storyboard */,
				0A49CB6724DEE8B2008BD762 /* LaunchScreen.storyboard */,
				0A05577324DFB7360020EAC7 /* Home.storyboard */,
				0AE5D01824E3AE780008D328 /* Appointment.storyboard */,
			);
			path = View;
			sourceTree = "<group>";
		};
		0A05577024DF9EB50020EAC7 /* ViewController */ = {
			isa = PBXGroup;
			children = (
				0AE5D01F24E3B0320008D328 /* General */,
				0AE5D01C24E3AFA20008D328 /* Appointment */,
				0AE5D01B24E3AF9C0008D328 /* Home */,
				0AE5D01A24E3AF970008D328 /* Main */,
			);
			path = ViewController;
			sourceTree = "<group>";
		};
		0A3BA7D224E25D5600ED0971 /* Model */ = {
			isa = PBXGroup;
			children = (
				0A71275024E26B2B008B2E70 /* Util */,
				0A3BA7D324E25D5D00ED0971 /* CustomCell */,
				0A71274E24E2627F008B2E70 /* User.swift */,
				0A864F3524E3CA56000A79BB /* Appointment.swift */,
			);
			path = Model;
			sourceTree = "<group>";
		};
		0A3BA7D324E25D5D00ED0971 /* CustomCell */ = {
			isa = PBXGroup;
			children = (
				0A3BA7D524E25D7E00ED0971 /* HistoryCell.swift */,
				0A864F3124E3BBA6000A79BB /* AppointmentCell.swift */,
			);
			path = CustomCell;
			sourceTree = "<group>";
		};
		0A49CB5024DEE8AE008BD762 = {
			isa = PBXGroup;
			children = (
				0A49CB5B24DEE8AE008BD762 /* FinalProject */,
				0A49CB5A24DEE8AE008BD762 /* Products */,
			);
			sourceTree = "<group>";
		};
		0A49CB5A24DEE8AE008BD762 /* Products */ = {
			isa = PBXGroup;
			children = (
				0A49CB5924DEE8AE008BD762 /* One Smile.app */,
			);
			name = Products;
			sourceTree = "<group>";
		};
		0A49CB5B24DEE8AE008BD762 /* FinalProject */ = {
			isa = PBXGroup;
			children = (
				0A3BA7D224E25D5600ED0971 /* Model */,
				0A05577024DF9EB50020EAC7 /* ViewController */,
				0A05576F24DF99DD0020EAC7 /* View */,
				0A49CB5C24DEE8AE008BD762 /* AppDelegate.swift */,
				0A49CB5E24DEE8AE008BD762 /* SceneDelegate.swift */,
				0A49CB6524DEE8B2008BD762 /* Assets.xcassets */,
				0A49CB6A24DEE8B2008BD762 /* Info.plist */,
			);
			path = FinalProject;
			sourceTree = "<group>";
		};
		0A71275024E26B2B008B2E70 /* Util */ = {
			isa = PBXGroup;
			children = (
				0A71275124E26B47008B2E70 /* ValidateUtil.swift */,
				0A71275324E272E9008B2E70 /* ConstantUtil.swift */,
				0AE5D01624E3A23F0008D328 /* ImageUtil.swift */,
			);
			path = Util;
			sourceTree = "<group>";
		};
		0AE5D01A24E3AF970008D328 /* Main */ = {
			isa = PBXGroup;
			children = (
				0A49CB6024DEE8AE008BD762 /* LoginViewController.swift */,
				0A3BA7CA24E24C2D00ED0971 /* CreateUserViewController.swift */,
			);
			path = Main;
			sourceTree = "<group>";
		};
		0AE5D01B24E3AF9C0008D328 /* Home */ = {
			isa = PBXGroup;
			children = (
				0A05577524DFCE2E0020EAC7 /* TabViewController.swift */,
				0A3BA7C824E245F500ED0971 /* HomeViewController.swift */,
				0A3BA7CC24E24C3700ED0971 /* ChangePasswordViewController.swift */,
				0A3BA7CE24E24C4300ED0971 /* HistoryViewController.swift */,
				0A3BA7D024E24C4E00ED0971 /* SettingsViewController.swift */,
			);
			path = Home;
			sourceTree = "<group>";
		};
		0AE5D01C24E3AFA20008D328 /* Appointment */ = {
			isa = PBXGroup;
			children = (
				0AE5D01D24E3AFEA0008D328 /* AppointmentViewController.swift */,
				0A864F3324E3C7EB000A79BB /* MaintenanceViewController.swift */,
			);
			path = Appointment;
			sourceTree = "<group>";
		};
		0AE5D01F24E3B0320008D328 /* General */ = {
			isa = PBXGroup;
			children = (
				0A3BA7C624E2451200ED0971 /* AppBaseViewController.swift */,
			);
			path = General;
			sourceTree = "<group>";
		};
/* End PBXGroup section */

/* Begin PBXNativeTarget section */
		0A49CB5824DEE8AE008BD762 /* FinalProject */ = {
			isa = PBXNativeTarget;
			buildConfigurationList = 0A49CB6D24DEE8B2008BD762 /* Build configuration list for PBXNativeTarget "FinalProject" */;
			buildPhases = (
				0A49CB5524DEE8AE008BD762 /* Sources */,
				0A49CB5624DEE8AE008BD762 /* Frameworks */,
				0A49CB5724DEE8AE008BD762 /* Resources */,
			);
			buildRules = (
			);
			dependencies = (
			);
			name = FinalProject;
			productName = FinalProject;
			productReference = 0A49CB5924DEE8AE008BD762 /* One Smile.app */;
			productType = "com.apple.product-type.application";
		};
/* End PBXNativeTarget section */

/* Begin PBXProject section */
		0A49CB5124DEE8AE008BD762 /* Project object */ = {
			isa = PBXProject;
			attributes = {
				LastSwiftUpdateCheck = 1140;
				LastUpgradeCheck = 1140;
				TargetAttributes = {
					0A49CB5824DEE8AE008BD762 = {
						CreatedOnToolsVersion = 11.4;
					};
				};
			};
			buildConfigurationList = 0A49CB5424DEE8AE008BD762 /* Build configuration list for PBXProject "FinalProject" */;
			compatibilityVersion = "Xcode 9.3";
			developmentRegion = en;
			hasScannedForEncodings = 0;
			knownRegions = (
				en,
				Base,
			);
			mainGroup = 0A49CB5024DEE8AE008BD762;
			productRefGroup = 0A49CB5A24DEE8AE008BD762 /* Products */;
			projectDirPath = "";
			projectRoot = "";
			targets = (
				0A49CB5824DEE8AE008BD762 /* FinalProject */,
			);
		};
/* End PBXProject section */

/* Begin PBXResourcesBuildPhase section */
		0A49CB5724DEE8AE008BD762 /* Resources */ = {
			isa = PBXResourcesBuildPhase;
			buildActionMask = 2147483647;
			files = (
				0A49CB6924DEE8B2008BD762 /* LaunchScreen.storyboard in Resources */,
				0A49CB6624DEE8B2008BD762 /* Assets.xcassets in Resources */,
				0A05577424DFB7360020EAC7 /* Home.storyboard in Resources */,
				0A49CB6424DEE8AE008BD762 /* Main.storyboard in Resources */,
				0AE5D01924E3AE780008D328 /* Appointment.storyboard in Resources */,
			);
			runOnlyForDeploymentPostprocessing = 0;
		};
/* End PBXResourcesBuildPhase section */

/* Begin PBXSourcesBuildPhase section */
		0A49CB5524DEE8AE008BD762 /* Sources */ = {
			isa = PBXSourcesBuildPhase;
			buildActionMask = 2147483647;
			files = (
				0A05577624DFCE2E0020EAC7 /* TabViewController.swift in Sources */,
				0A71275224E26B47008B2E70 /* ValidateUtil.swift in Sources */,
				0A864F3424E3C7EB000A79BB /* MaintenanceViewController.swift in Sources */,
				0A3BA7CD24E24C3700ED0971 /* ChangePasswordViewController.swift in Sources */,
				0A864F3224E3BBA6000A79BB /* AppointmentCell.swift in Sources */,
				0A49CB6124DEE8AE008BD762 /* LoginViewController.swift in Sources */,
				0A3BA7D124E24C4E00ED0971 /* SettingsViewController.swift in Sources */,
				0A49CB5D24DEE8AE008BD762 /* AppDelegate.swift in Sources */,
				0A3BA7CB24E24C2D00ED0971 /* CreateUserViewController.swift in Sources */,
				0A3BA7C724E2451200ED0971 /* AppBaseViewController.swift in Sources */,
				0A864F3624E3CA56000A79BB /* Appointment.swift in Sources */,
				0AE5D01E24E3AFEA0008D328 /* AppointmentViewController.swift in Sources */,
				0A3BA7CF24E24C4300ED0971 /* HistoryViewController.swift in Sources */,
				0AE5D01724E3A23F0008D328 /* ImageUtil.swift in Sources */,
				0A71274F24E2627F008B2E70 /* User.swift in Sources */,
				0A49CB5F24DEE8AE008BD762 /* SceneDelegate.swift in Sources */,
				0A71275424E272E9008B2E70 /* ConstantUtil.swift in Sources */,
				0A3BA7C924E245F500ED0971 /* HomeViewController.swift in Sources */,
				0A3BA7D624E25D7E00ED0971 /* HistoryCell.swift in Sources */,
			);
			runOnlyForDeploymentPostprocessing = 0;
		};
/* End PBXSourcesBuildPhase section */

/* Begin PBXVariantGroup section */
		0A49CB6224DEE8AE008BD762 /* Main.storyboard */ = {
			isa = PBXVariantGroup;
			children = (
				0A49CB6324DEE8AE008BD762 /* Base */,
			);
			name = Main.storyboard;
			sourceTree = "<group>";
		};
		0A49CB6724DEE8B2008BD762 /* LaunchScreen.storyboard */ = {
			isa = PBXVariantGroup;
			children = (
				0A49CB6824DEE8B2008BD762 /* Base */,
			);
			name = LaunchScreen.storyboard;
			sourceTree = "<group>";
		};
/* End PBXVariantGroup section */

/* Begin XCBuildConfiguration section */
		0A49CB6B24DEE8B2008BD762 /* Debug */ = {
			isa = XCBuildConfiguration;
			buildSettings = {
				ALWAYS_SEARCH_USER_PATHS = NO;
				CLANG_ANALYZER_NONNULL = YES;
				CLANG_ANALYZER_NUMBER_OBJECT_CONVERSION = YES_AGGRESSIVE;
				CLANG_CXX_LANGUAGE_STANDARD = "gnu++14";
				CLANG_CXX_LIBRARY = "libc++";
				CLANG_ENABLE_MODULES = YES;
				CLANG_ENABLE_OBJC_ARC = YES;
				CLANG_ENABLE_OBJC_WEAK = YES;
				CLANG_WARN_BLOCK_CAPTURE_AUTORELEASING = YES;
				CLANG_WARN_BOOL_CONVERSION = YES;
				CLANG_WARN_COMMA = YES;
				CLANG_WARN_CONSTANT_CONVERSION = YES;
				CLANG_WARN_DEPRECATED_OBJC_IMPLEMENTATIONS = YES;
				CLANG_WARN_DIRECT_OBJC_ISA_USAGE = YES_ERROR;
				CLANG_WARN_DOCUMENTATION_COMMENTS = YES;
				CLANG_WARN_EMPTY_BODY = YES;
				CLANG_WARN_ENUM_CONVERSION = YES;
				CLANG_WARN_INFINITE_RECURSION = YES;
				CLANG_WARN_INT_CONVERSION = YES;
				CLANG_WARN_NON_LITERAL_NULL_CONVERSION = YES;
				CLANG_WARN_OBJC_IMPLICIT_RETAIN_SELF = YES;
				CLANG_WARN_OBJC_LITERAL_CONVERSION = YES;
				CLANG_WARN_OBJC_ROOT_CLASS = YES_ERROR;
				CLANG_WARN_RANGE_LOOP_ANALYSIS = YES;
				CLANG_WARN_STRICT_PROTOTYPES = YES;
				CLANG_WARN_SUSPICIOUS_MOVE = YES;
				CLANG_WARN_UNGUARDED_AVAILABILITY = YES_AGGRESSIVE;
				CLANG_WARN_UNREACHABLE_CODE = YES;
				CLANG_WARN__DUPLICATE_METHOD_MATCH = YES;
				COPY_PHASE_STRIP = NO;
				DEBUG_INFORMATION_FORMAT = dwarf;
				ENABLE_STRICT_OBJC_MSGSEND = YES;
				ENABLE_TESTABILITY = YES;
				GCC_C_LANGUAGE_STANDARD = gnu11;
				GCC_DYNAMIC_NO_PIC = NO;
				GCC_NO_COMMON_BLOCKS = YES;
				GCC_OPTIMIZATION_LEVEL = 0;
				GCC_PREPROCESSOR_DEFINITIONS = (
					"DEBUG=1",
					"$(inherited)",
				);
				GCC_WARN_64_TO_32_BIT_CONVERSION = YES;
				GCC_WARN_ABOUT_RETURN_TYPE = YES_ERROR;
				GCC_WARN_UNDECLARED_SELECTOR = YES;
				GCC_WARN_UNINITIALIZED_AUTOS = YES_AGGRESSIVE;
				GCC_WARN_UNUSED_FUNCTION = YES;
				GCC_WARN_UNUSED_VARIABLE = YES;
				IPHONEOS_DEPLOYMENT_TARGET = 13.5;
				MTL_ENABLE_DEBUG_INFO = INCLUDE_SOURCE;
				MTL_FAST_MATH = YES;
				ONLY_ACTIVE_ARCH = YES;
				SDKROOT = iphoneos;
				SWIFT_ACTIVE_COMPILATION_CONDITIONS = DEBUG;
				SWIFT_OPTIMIZATION_LEVEL = "-Onone";
			};
			name = Debug;
		};
		0A49CB6C24DEE8B2008BD762 /* Release */ = {
			isa = XCBuildConfiguration;
			buildSettings = {
				ALWAYS_SEARCH_USER_PATHS = NO;
				CLANG_ANALYZER_NONNULL = YES;
				CLANG_ANALYZER_NUMBER_OBJECT_CONVERSION = YES_AGGRESSIVE;
				CLANG_CXX_LANGUAGE_STANDARD = "gnu++14";
				CLANG_CXX_LIBRARY = "libc++";
				CLANG_ENABLE_MODULES = YES;
				CLANG_ENABLE_OBJC_ARC = YES;
				CLANG_ENABLE_OBJC_WEAK = YES;
				CLANG_WARN_BLOCK_CAPTURE_AUTORELEASING = YES;
				CLANG_WARN_BOOL_CONVERSION = YES;
				CLANG_WARN_COMMA = YES;
				CLANG_WARN_CONSTANT_CONVERSION = YES;
				CLANG_WARN_DEPRECATED_OBJC_IMPLEMENTATIONS = YES;
				CLANG_WARN_DIRECT_OBJC_ISA_USAGE = YES_ERROR;
				CLANG_WARN_DOCUMENTATION_COMMENTS = YES;
				CLANG_WARN_EMPTY_BODY = YES;
				CLANG_WARN_ENUM_CONVERSION = YES;
				CLANG_WARN_INFINITE_RECURSION = YES;
				CLANG_WARN_INT_CONVERSION = YES;
				CLANG_WARN_NON_LITERAL_NULL_CONVERSION = YES;
				CLANG_WARN_OBJC_IMPLICIT_RETAIN_SELF = YES;
				CLANG_WARN_OBJC_LITERAL_CONVERSION = YES;
				CLANG_WARN_OBJC_ROOT_CLASS = YES_ERROR;
				CLANG_WARN_RANGE_LOOP_ANALYSIS = YES;
				CLANG_WARN_STRICT_PROTOTYPES = YES;
				CLANG_WARN_SUSPICIOUS_MOVE = YES;
				CLANG_WARN_UNGUARDED_AVAILABILITY = YES_AGGRESSIVE;
				CLANG_WARN_UNREACHABLE_CODE = YES;
				CLANG_WARN__DUPLICATE_METHOD_MATCH = YES;
				COPY_PHASE_STRIP = NO;
				DEBUG_INFORMATION_FORMAT = "dwarf-with-dsym";
				ENABLE_NS_ASSERTIONS = NO;
				ENABLE_STRICT_OBJC_MSGSEND = YES;
				GCC_C_LANGUAGE_STANDARD = gnu11;
				GCC_NO_COMMON_BLOCKS = YES;
				GCC_WARN_64_TO_32_BIT_CONVERSION = YES;
				GCC_WARN_ABOUT_RETURN_TYPE = YES_ERROR;
				GCC_WARN_UNDECLARED_SELECTOR = YES;
				GCC_WARN_UNINITIALIZED_AUTOS = YES_AGGRESSIVE;
				GCC_WARN_UNUSED_FUNCTION = YES;
				GCC_WARN_UNUSED_VARIABLE = YES;
				IPHONEOS_DEPLOYMENT_TARGET = 13.5;
				MTL_ENABLE_DEBUG_INFO = NO;
				MTL_FAST_MATH = YES;
				SDKROOT = iphoneos;
				SWIFT_COMPILATION_MODE = wholemodule;
				SWIFT_OPTIMIZATION_LEVEL = "-O";
				VALIDATE_PRODUCT = YES;
			};
			name = Release;
		};
		0A49CB6E24DEE8B2008BD762 /* Debug */ = {
			isa = XCBuildConfiguration;
			buildSettings = {
				ASSETCATALOG_COMPILER_APPICON_NAME = AppIcon;
				CODE_SIGN_IDENTITY = "Apple Development";
				CODE_SIGN_STYLE = Automatic;
				DEVELOPMENT_TEAM = XYENYZRRJZ;
				INFOPLIST_FILE = FinalProject/Info.plist;
				IPHONEOS_DEPLOYMENT_TARGET = 13.5;
				LD_RUNPATH_SEARCH_PATHS = (
					"$(inherited)",
					"@executable_path/Frameworks",
				);
				PRODUCT_BUNDLE_IDENTIFIER = TNS.yespinoza.CenfotecProject;
				PRODUCT_NAME = "One Smile";
				PROVISIONING_PROFILE_SPECIFIER = "";
				SWIFT_VERSION = 5.0;
				TARGETED_DEVICE_FAMILY = "1,2";
			};
			name = Debug;
		};
		0A49CB6F24DEE8B2008BD762 /* Release */ = {
			isa = XCBuildConfiguration;
			buildSettings = {
				ASSETCATALOG_COMPILER_APPICON_NAME = AppIcon;
				CODE_SIGN_IDENTITY = "Apple Development";
				CODE_SIGN_STYLE = Automatic;
				DEVELOPMENT_TEAM = XYENYZRRJZ;
				INFOPLIST_FILE = FinalProject/Info.plist;
				IPHONEOS_DEPLOYMENT_TARGET = 13.5;
				LD_RUNPATH_SEARCH_PATHS = (
					"$(inherited)",
					"@executable_path/Frameworks",
				);
				PRODUCT_BUNDLE_IDENTIFIER = TNS.yespinoza.CenfotecProject;
				PRODUCT_NAME = "One Smile";
				PROVISIONING_PROFILE_SPECIFIER = "";
				SWIFT_VERSION = 5.0;
				TARGETED_DEVICE_FAMILY = "1,2";
			};
			name = Release;
		};
/* End XCBuildConfiguration section */

/* Begin XCConfigurationList section */
		0A49CB5424DEE8AE008BD762 /* Build configuration list for PBXProject "FinalProject" */ = {
			isa = XCConfigurationList;
			buildConfigurations = (
				0A49CB6B24DEE8B2008BD762 /* Debug */,
				0A49CB6C24DEE8B2008BD762 /* Release */,
			);
			defaultConfigurationIsVisible = 0;
			defaultConfigurationName = Release;
		};
		0A49CB6D24DEE8B2008BD762 /* Build configuration list for PBXNativeTarget "FinalProject" */ = {
			isa = XCConfigurationList;
			buildConfigurations = (
				0A49CB6E24DEE8B2008BD762 /* Debug */,
				0A49CB6F24DEE8B2008BD762 /* Release */,
			);
			defaultConfigurationIsVisible = 0;
			defaultConfigurationName = Release;
		};
/* End XCConfigurationList section */
	};
	rootObject = 0A49CB5124DEE8AE008BD762 /* Project object */;
}
